
Microsoft Visual Studio Solution File, Format Version 12.00
# Visual Studio 15
Project("{FAE04EC0-301F-11D3-BF4B-00C04F79EFBC}") = "F4calc", "F4calc.csproj", "{133262DC-00B5-4297-B2A4-F2477D2DCC94}"
EndProject
Global
	GlobalSection(SolutionConfigurationPlatforms) = preSolution
		Debug|Any CPU = Debug|Any CPU
		Release|Any CPU = Release|Any CPU
	EndGlobalSection
	GlobalSection(ProjectConfigurationPlatforms) = postSolution
		{133262DC-00B5-4297-B2A4-F2477D2DCC94}.Debug|Any CPU.ActiveCfg = Debug|Any CPU
		{133262DC-00B5-4297-B2A4-F2477D2DCC94}.Debug|Any CPU.Build.0 = Debug|Any CPU
		{133262DC-00B5-4297-B2A4-F2477D2DCC94}.Release|Any CPU.ActiveCfg = Release|Any CPU
		{133262DC-00B5-4297-B2A4-F2477D2DCC94}.Release|Any CPU.Build.0 = Release|Any CPU
	EndGlobalSection
	GlobalSection(SolutionProperties) = preSolution
		HideSolutionNode = FALSE
	EndGlobalSection
	GlobalSection(ExtensibilityGlobals) = postSolution
		SolutionGuid = {92E58031-61ED-4EFF-A505-C1E97C4755EA}
	EndGlobalSection
EndGlobal
